<?xml version="1.0" encoding="utf-8"?>
<Project ToolsVersion="4.0" xmlns="http://schemas.microsoft.com/developer/msbuild/2003">
  <ItemGroup>
    <ClCompile Include="ASCII-Dash-Project.cpp" />
    <ClCompile Include="CustomTools\CustomTool.cpp" />
    <ClCompile Include="Graphic_Pipeline\ConsoleBuffer.cpp" />
    <ClCompile Include="Manager\ConsoleManager.cpp" />
    <ClCompile Include="NYTimer.cpp" />
    <ClCompile Include="Objects\Object.cpp" />
    <ClCompile Include="Objects\Spike.cpp" />
    <ClCompile Include="Objects\Bloc.cpp" />
    <ClCompile Include="EntityMap.cpp" />
    <ClCompile Include="InputManager.cpp" />
    <ClCompile Include="LevelManager.cpp" />
    <ClCompile Include="Player.cpp" />
  </ItemGroup>
  <ItemGroup>
    <ClInclude Include="Includes\CustomTool.h" />
    <ClInclude Include="Includes\ConsoleBuffer.hpp" />
    <ClInclude Include="Includes\ConsoleManager.hpp" />
    <ClInclude Include="Includes\Object.h" />
    <ClInclude Include="Includes\Spike.h" />
    <ClInclude Include="Includes\Object.hpp" />
    <ClInclude Include="Includes\InputManager.hpp" />
    <ClInclude Include="Includes\Player.hpp" />
    <ClInclude Include="NYTimer.hpp" />
    <ClInclude Include="resource.h" />
    <ClInclude Include="EntityMap.hpp" />
    <ClInclude Include="LevelManager.hpp" />
  </ItemGroup>
  <ItemGroup>
    <ResourceCompile Include="ASCII-Dash-Project.rc" />
  </ItemGroup>
  <ItemGroup>
    <None Include="README.md" />
  </ItemGroup>
</Project>